
Microsoft Visual Studio Solution File, Format Version 12.00
# Visual Studio Version 17
VisualStudioVersion = 17.14.36202.13 d17.14
MinimumVisualStudioVersion = 10.0.40219.1
Project("{FAE04EC0-301F-11D3-BF4B-00C04F79EFBC}") = "CRUDAPP", "CRUDAPP\CRUDAPP.csproj", "{A5EEACC2-9CC3-4227-B821-C4AB1E2BABBD}"
EndProject
Global
	GlobalSection(SolutionConfigurationPlatforms) = preSolution
		Debug|Any CPU = Debug|Any CPU
		Release|Any CPU = Release|Any CPU
	EndGlobalSection
	GlobalSection(ProjectConfigurationPlatforms) = postSolution
		{A5EEACC2-9CC3-4227-B821-C4AB1E2BABBD}.Debug|Any CPU.ActiveCfg = Debug|Any CPU
		{A5EEACC2-9CC3-4227-B821-C4AB1E2BABBD}.Debug|Any CPU.Build.0 = Debug|Any CPU
		{A5EEACC2-9CC3-4227-B821-C4AB1E2BABBD}.Release|Any CPU.ActiveCfg = Release|Any CPU
		{A5EEACC2-9CC3-4227-B821-C4AB1E2BABBD}.Release|Any CPU.Build.0 = Release|Any CPU
	EndGlobalSection
	GlobalSection(SolutionProperties) = preSolution
		HideSolutionNode = FALSE
	EndGlobalSection
	GlobalSection(ExtensibilityGlobals) = postSolution
		SolutionGuid = {761C2D12-201E-40E1-B202-07D55E2FE06A}
	EndGlobalSection
EndGlobal
